// !$*UTF8*$!
{
	archiveVersion = 1;
	classes = {
	};
	objectVersion = 70;
	objects = {

/* Begin PBXBuildFile section */
		8FB6C7CE2CF6C7660073FC27 /* AppDelegate.swift in Sources */ = {isa = PBXBuildFile; fileRef = 8FB6C7CD2CF6C7660073FC27 /* AppDelegate.swift */; };
		8FB6C7D02CF6C7660073FC27 /* SceneDelegate.swift in Sources */ = {isa = PBXBuildFile; fileRef = 8FB6C7CF2CF6C7660073FC27 /* SceneDelegate.swift */; };
		8FB6C7D22CF6C7660073FC27 /* ViewController.swift in Sources */ = {isa = PBXBuildFile; fileRef = 8FB6C7D12CF6C7660073FC27 /* ViewController.swift */; };
		8FB6C7D52CF6C7660073FC27 /* Base in Resources */ = {isa = PBXBuildFile; fileRef = 8FB6C7D42CF6C7660073FC27 /* Base */; };
		8FB6C7D72CF6C76D0073FC27 /* Assets.xcassets in Resources */ = {isa = PBXBuildFile; fileRef = 8FB6C7D62CF6C76D0073FC27 /* Assets.xcassets */; };
		8FB6C7DA2CF6C76D0073FC27 /* Base in Resources */ = {isa = PBXBuildFile; fileRef = 8FB6C7D92CF6C76D0073FC27 /* Base */; };
		8FCDB4432D0775BC00FF1850 /* GoogleService-Info.plist in Resources */ = {isa = PBXBuildFile; fileRef = 8FCDB4422D0775BC00FF1850 /* GoogleService-Info.plist */; };
		8FCDB45C2D078D5100FF1850 /* HomeViewController.swift in Sources */ = {isa = PBXBuildFile; fileRef = 8FCDB45B2D078D5100FF1850 /* HomeViewController.swift */; };
		E0ACA1A42D0954000078D73A /* FirebaseAuth in Frameworks */ = {isa = PBXBuildFile; productRef = E0ACA1A32D0954000078D73A /* FirebaseAuth */; };
		E0ACA1A62D0954000078D73A /* FirebaseAuthCombine-Community in Frameworks */ = {isa = PBXBuildFile; productRef = E0ACA1A52D0954000078D73A /* FirebaseAuthCombine-Community */; };
		E0ACA1A82D0954000078D73A /* FirebaseCore in Frameworks */ = {isa = PBXBuildFile; productRef = E0ACA1A72D0954000078D73A /* FirebaseCore */; };
		E0ACA1AA2D0954000078D73A /* FirebaseDatabase in Frameworks */ = {isa = PBXBuildFile; productRef = E0ACA1A92D0954000078D73A /* FirebaseDatabase */; };
		E0ACA1AC2D0954000078D73A /* FirebaseFirestore in Frameworks */ = {isa = PBXBuildFile; productRef = E0ACA1AB2D0954000078D73A /* FirebaseFirestore */; };
		E0ACA1AE2D0954000078D73A /* FirebaseFirestoreCombine-Community in Frameworks */ = {isa = PBXBuildFile; productRef = E0ACA1AD2D0954000078D73A /* FirebaseFirestoreCombine-Community */; };
		E0ACA1B02D0954000078D73A /* FirebaseFunctions in Frameworks */ = {isa = PBXBuildFile; productRef = E0ACA1AF2D0954000078D73A /* FirebaseFunctions */; };
		E0ACA1B22D0954000078D73A /* FirebaseFunctionsCombine-Community in Frameworks */ = {isa = PBXBuildFile; productRef = E0ACA1B12D0954000078D73A /* FirebaseFunctionsCombine-Community */; };
		E0ACA1B42D0954000078D73A /* FirebaseStorage in Frameworks */ = {isa = PBXBuildFile; productRef = E0ACA1B32D0954000078D73A /* FirebaseStorage */; };
		E0ACA1B62D0954000078D73A /* FirebaseStorageCombine-Community in Frameworks */ = {isa = PBXBuildFile; productRef = E0ACA1B52D0954000078D73A /* FirebaseStorageCombine-Community */; };
		E0ACA1BC2D0960270078D73A /* MovieModel.swift in Sources */ = {isa = PBXBuildFile; fileRef = E0ACA1BB2D0960270078D73A /* MovieModel.swift */; };
/* End PBXBuildFile section */

/* Begin PBXFileReference section */
		8FB6C7CA2CF6C7660073FC27 /* cinespoiler_ios.app */ = {isa = PBXFileReference; explicitFileType = wrapper.application; includeInIndex = 0; path = cinespoiler_ios.app; sourceTree = BUILT_PRODUCTS_DIR; };
		8FB6C7CD2CF6C7660073FC27 /* AppDelegate.swift */ = {isa = PBXFileReference; lastKnownFileType = sourcecode.swift; path = AppDelegate.swift; sourceTree = "<group>"; };
		8FB6C7CF2CF6C7660073FC27 /* SceneDelegate.swift */ = {isa = PBXFileReference; lastKnownFileType = sourcecode.swift; path = SceneDelegate.swift; sourceTree = "<group>"; };
		8FB6C7D12CF6C7660073FC27 /* ViewController.swift */ = {isa = PBXFileReference; lastKnownFileType = sourcecode.swift; path = ViewController.swift; sourceTree = "<group>"; };
		8FB6C7D42CF6C7660073FC27 /* Base */ = {isa = PBXFileReference; lastKnownFileType = file.storyboard; name = Base; path = Base.lproj/Main.storyboard; sourceTree = "<group>"; };
		8FB6C7D62CF6C76D0073FC27 /* Assets.xcassets */ = {isa = PBXFileReference; lastKnownFileType = folder.assetcatalog; path = Assets.xcassets; sourceTree = "<group>"; };
		8FB6C7D92CF6C76D0073FC27 /* Base */ = {isa = PBXFileReference; lastKnownFileType = file.storyboard; name = Base; path = Base.lproj/LaunchScreen.storyboard; sourceTree = "<group>"; };
		8FB6C7DB2CF6C76D0073FC27 /* Info.plist */ = {isa = PBXFileReference; lastKnownFileType = text.plist.xml; path = Info.plist; sourceTree = "<group>"; };
		8FCDB4422D0775BC00FF1850 /* GoogleService-Info.plist */ = {isa = PBXFileReference; fileEncoding = 4; lastKnownFileType = text.plist.xml; name = "GoogleService-Info.plist"; path = "../../../../Downloads/GoogleService-Info.plist"; sourceTree = "<group>"; };
		8FCDB45B2D078D5100FF1850 /* HomeViewController.swift */ = {isa = PBXFileReference; lastKnownFileType = sourcecode.swift; path = HomeViewController.swift; sourceTree = "<group>"; };
		B7500FCC2CFBD94800E0CD22 /* cinespoiler_ios.xcodeproj */ = {isa = PBXFileReference; lastKnownFileType = "wrapper.pb-project"; path = cinespoiler_ios.xcodeproj; sourceTree = SOURCE_ROOT; };
		E0ACA1BB2D0960270078D73A /* MovieModel.swift */ = {isa = PBXFileReference; lastKnownFileType = sourcecode.swift; path = MovieModel.swift; sourceTree = "<group>"; };
/* End PBXFileReference section */

/* Begin PBXFileSystemSynchronizedRootGroup section */
		E0ACA1B92D095F640078D73A /* Authentication */ = {isa = PBXFileSystemSynchronizedRootGroup; explicitFileTypes = {}; explicitFolders = (); path = Authentication; sourceTree = "<group>"; };
/* End PBXFileSystemSynchronizedRootGroup section */

/* Begin PBXFrameworksBuildPhase section */
		8FB6C7C72CF6C7660073FC27 /* Frameworks */ = {
			isa = PBXFrameworksBuildPhase;
			buildActionMask = 2147483647;
			files = (
				E0ACA1A42D0954000078D73A /* FirebaseAuth in Frameworks */,
				E0ACA1B02D0954000078D73A /* FirebaseFunctions in Frameworks */,
				E0ACA1B62D0954000078D73A /* FirebaseStorageCombine-Community in Frameworks */,
				E0ACA1B42D0954000078D73A /* FirebaseStorage in Frameworks */,
				E0ACA1A82D0954000078D73A /* FirebaseCore in Frameworks */,
				E0ACA1AA2D0954000078D73A /* FirebaseDatabase in Frameworks */,
				E0ACA1AE2D0954000078D73A /* FirebaseFirestoreCombine-Community in Frameworks */,
				E0ACA1AC2D0954000078D73A /* FirebaseFirestore in Frameworks */,
				E0ACA1A62D0954000078D73A /* FirebaseAuthCombine-Community in Frameworks */,
				E0ACA1B22D0954000078D73A /* FirebaseFunctionsCombine-Community in Frameworks */,
			);
			runOnlyForDeploymentPostprocessing = 0;
		};
/* End PBXFrameworksBuildPhase section */

/* Begin PBXGroup section */
		8FB6C7C12CF6C7650073FC27 = {
			isa = PBXGroup;
			children = (
				8FB6C7CC2CF6C7660073FC27 /* cinespoiler_ios */,
				8FB6C7CB2CF6C7660073FC27 /* Products */,
			);
			sourceTree = "<group>";
		};
		8FB6C7CB2CF6C7660073FC27 /* Products */ = {
			isa = PBXGroup;
			children = (
				8FB6C7CA2CF6C7660073FC27 /* cinespoiler_ios.app */,
			);
			name = Products;
			sourceTree = "<group>";
		};
		8FB6C7CC2CF6C7660073FC27 /* cinespoiler_ios */ = {
			isa = PBXGroup;
			children = (
				E0ACA1B92D095F640078D73A /* Authentication */,
				8FB6C7CD2CF6C7660073FC27 /* AppDelegate.swift */,
				8FB6C7CF2CF6C7660073FC27 /* SceneDelegate.swift */,
				8FB6C7D12CF6C7660073FC27 /* ViewController.swift */,
				8FB6C7D32CF6C7660073FC27 /* Main.storyboard */,
				E0ACA1BB2D0960270078D73A /* MovieModel.swift */,
				E0ACA1BA2D095FEC0078D73A /* Admin */,
				8FB6C7D62CF6C76D0073FC27 /* Assets.xcassets */,
				8FB6C7D82CF6C76D0073FC27 /* LaunchScreen.storyboard */,
				8FB6C7DB2CF6C76D0073FC27 /* Info.plist */,
				B7500FCC2CFBD94800E0CD22 /* cinespoiler_ios.xcodeproj */,
				8FCDB4422D0775BC00FF1850 /* GoogleService-Info.plist */,
			);
			path = cinespoiler_ios;
			sourceTree = "<group>";
		};
		B7500FCD2CFBD94800E0CD22 /* Products */ = {
			isa = PBXGroup;
			name = Products;
			sourceTree = "<group>";
		};
		E0ACA1BA2D095FEC0078D73A /* Admin */ = {
			isa = PBXGroup;
			children = (
				8FCDB45B2D078D5100FF1850 /* HomeViewController.swift */,
			);
			path = Admin;
			sourceTree = "<group>";
		};
/* End PBXGroup section */

/* Begin PBXNativeTarget section */
		8FB6C7C92CF6C7660073FC27 /* cinespoiler_ios */ = {
			isa = PBXNativeTarget;
			buildConfigurationList = 8FB6C7DE2CF6C76D0073FC27 /* Build configuration list for PBXNativeTarget "cinespoiler_ios" */;
			buildPhases = (
				8FB6C7C62CF6C7660073FC27 /* Sources */,
				8FB6C7C72CF6C7660073FC27 /* Frameworks */,
				8FB6C7C82CF6C7660073FC27 /* Resources */,
			);
			buildRules = (
			);
			dependencies = (
			);
			fileSystemSynchronizedGroups = (
				E0ACA1B92D095F640078D73A /* Authentication */,
			);
			name = cinespoiler_ios;
			packageProductDependencies = (
				E0ACA1A32D0954000078D73A /* FirebaseAuth */,
				E0ACA1A52D0954000078D73A /* FirebaseAuthCombine-Community */,
				E0ACA1A72D0954000078D73A /* FirebaseCore */,
				E0ACA1A92D0954000078D73A /* FirebaseDatabase */,
				E0ACA1AB2D0954000078D73A /* FirebaseFirestore */,
				E0ACA1AD2D0954000078D73A /* FirebaseFirestoreCombine-Community */,
				E0ACA1AF2D0954000078D73A /* FirebaseFunctions */,
				E0ACA1B12D0954000078D73A /* FirebaseFunctionsCombine-Community */,
				E0ACA1B32D0954000078D73A /* FirebaseStorage */,
				E0ACA1B52D0954000078D73A /* FirebaseStorageCombine-Community */,
			);
			productName = cinespoiler_ios;
			productReference = 8FB6C7CA2CF6C7660073FC27 /* cinespoiler_ios.app */;
			productType = "com.apple.product-type.application";
		};
/* End PBXNativeTarget section */

/* Begin PBXProject section */
		8FB6C7C22CF6C7650073FC27 /* Project object */ = {
			isa = PBXProject;
			attributes = {
				BuildIndependentTargetsInParallel = 1;
				LastSwiftUpdateCheck = 1540;
				LastUpgradeCheck = 1540;
				TargetAttributes = {
					8FB6C7C92CF6C7660073FC27 = {
						CreatedOnToolsVersion = 15.4;
					};
				};
			};
			buildConfigurationList = 8FB6C7C52CF6C7660073FC27 /* Build configuration list for PBXProject "cinespoiler_ios" */;
			compatibilityVersion = "Xcode 14.0";
			developmentRegion = en;
			hasScannedForEncodings = 0;
			knownRegions = (
				en,
				Base,
			);
			mainGroup = 8FB6C7C12CF6C7650073FC27;
			packageReferences = (
				E0ACA1A22D0954000078D73A /* XCRemoteSwiftPackageReference "firebase-ios-sdk" */,
			);
			productRefGroup = 8FB6C7CB2CF6C7660073FC27 /* Products */;
			projectDirPath = "";
			projectReferences = (
				{
					ProductGroup = B7500FCD2CFBD94800E0CD22 /* Products */;
					ProjectRef = B7500FCC2CFBD94800E0CD22 /* cinespoiler_ios.xcodeproj */;
				},
			);
			projectRoot = "";
			targets = (
				8FB6C7C92CF6C7660073FC27 /* cinespoiler_ios */,
			);
		};
/* End PBXProject section */

/* Begin PBXResourcesBuildPhase section */
		8FB6C7C82CF6C7660073FC27 /* Resources */ = {
			isa = PBXResourcesBuildPhase;
			buildActionMask = 2147483647;
			files = (
				8FB6C7D72CF6C76D0073FC27 /* Assets.xcassets in Resources */,
				8FCDB4432D0775BC00FF1850 /* GoogleService-Info.plist in Resources */,
				8FB6C7DA2CF6C76D0073FC27 /* Base in Resources */,
				8FB6C7D52CF6C7660073FC27 /* Base in Resources */,
			);
			runOnlyForDeploymentPostprocessing = 0;
		};
/* End PBXResourcesBuildPhase section */

/* Begin PBXSourcesBuildPhase section */
		8FB6C7C62CF6C7660073FC27 /* Sources */ = {
			isa = PBXSourcesBuildPhase;
			buildActionMask = 2147483647;
			files = (
				8FB6C7D22CF6C7660073FC27 /* ViewController.swift in Sources */,
				E0ACA1BC2D0960270078D73A /* MovieModel.swift in Sources */,
				8FB6C7CE2CF6C7660073FC27 /* AppDelegate.swift in Sources */,
				8FCDB45C2D078D5100FF1850 /* HomeViewController.swift in Sources */,
				8FB6C7D02CF6C7660073FC27 /* SceneDelegate.swift in Sources */,
			);
			runOnlyForDeploymentPostprocessing = 0;
		};
/* End PBXSourcesBuildPhase section */

/* Begin PBXVariantGroup section */
		8FB6C7D32CF6C7660073FC27 /* Main.storyboard */ = {
			isa = PBXVariantGroup;
			children = (
				8FB6C7D42CF6C7660073FC27 /* Base */,
			);
			name = Main.storyboard;
			sourceTree = "<group>";
		};
		8FB6C7D82CF6C76D0073FC27 /* LaunchScreen.storyboard */ = {
			isa = PBXVariantGroup;
			children = (
				8FB6C7D92CF6C76D0073FC27 /* Base */,
			);
			name = LaunchScreen.storyboard;
			sourceTree = "<group>";
		};
/* End PBXVariantGroup section */

/* Begin XCBuildConfiguration section */
		8FB6C7DC2CF6C76D0073FC27 /* Debug */ = {
			isa = XCBuildConfiguration;
			buildSettings = {
				ALWAYS_SEARCH_USER_PATHS = NO;
				ASSETCATALOG_COMPILER_GENERATE_SWIFT_ASSET_SYMBOL_EXTENSIONS = YES;
				CLANG_ANALYZER_NONNULL = YES;
				CLANG_ANALYZER_NUMBER_OBJECT_CONVERSION = YES_AGGRESSIVE;
				CLANG_CXX_LANGUAGE_STANDARD = "gnu++20";
				CLANG_ENABLE_MODULES = YES;
				CLANG_ENABLE_OBJC_ARC = YES;
				CLANG_ENABLE_OBJC_WEAK = YES;
				CLANG_WARN_BLOCK_CAPTURE_AUTORELEASING = YES;
				CLANG_WARN_BOOL_CONVERSION = YES;
				CLANG_WARN_COMMA = YES;
				CLANG_WARN_CONSTANT_CONVERSION = YES;
				CLANG_WARN_DEPRECATED_OBJC_IMPLEMENTATIONS = YES;
				CLANG_WARN_DIRECT_OBJC_ISA_USAGE = YES_ERROR;
				CLANG_WARN_DOCUMENTATION_COMMENTS = YES;
				CLANG_WARN_EMPTY_BODY = YES;
				CLANG_WARN_ENUM_CONVERSION = YES;
				CLANG_WARN_INFINITE_RECURSION = YES;
				CLANG_WARN_INT_CONVERSION = YES;
				CLANG_WARN_NON_LITERAL_NULL_CONVERSION = YES;
				CLANG_WARN_OBJC_IMPLICIT_RETAIN_SELF = YES;
				CLANG_WARN_OBJC_LITERAL_CONVERSION = YES;
				CLANG_WARN_OBJC_ROOT_CLASS = YES_ERROR;
				CLANG_WARN_QUOTED_INCLUDE_IN_FRAMEWORK_HEADER = YES;
				CLANG_WARN_RANGE_LOOP_ANALYSIS = YES;
				CLANG_WARN_STRICT_PROTOTYPES = YES;
				CLANG_WARN_SUSPICIOUS_MOVE = YES;
				CLANG_WARN_UNGUARDED_AVAILABILITY = YES_AGGRESSIVE;
				CLANG_WARN_UNREACHABLE_CODE = YES;
				CLANG_WARN__DUPLICATE_METHOD_MATCH = YES;
				COPY_PHASE_STRIP = NO;
				DEBUG_INFORMATION_FORMAT = dwarf;
				ENABLE_STRICT_OBJC_MSGSEND = YES;
				ENABLE_TESTABILITY = YES;
				ENABLE_USER_SCRIPT_SANDBOXING = YES;
				GCC_C_LANGUAGE_STANDARD = gnu17;
				GCC_DYNAMIC_NO_PIC = NO;
				GCC_NO_COMMON_BLOCKS = YES;
				GCC_OPTIMIZATION_LEVEL = 0;
				GCC_PREPROCESSOR_DEFINITIONS = (
					"DEBUG=1",
					"$(inherited)",
				);
				GCC_WARN_64_TO_32_BIT_CONVERSION = YES;
				GCC_WARN_ABOUT_RETURN_TYPE = YES_ERROR;
				GCC_WARN_UNDECLARED_SELECTOR = YES;
				GCC_WARN_UNINITIALIZED_AUTOS = YES_AGGRESSIVE;
				GCC_WARN_UNUSED_FUNCTION = YES;
				GCC_WARN_UNUSED_VARIABLE = YES;
				IPHONEOS_DEPLOYMENT_TARGET = 17.5;
				LOCALIZATION_PREFERS_STRING_CATALOGS = YES;
				MTL_ENABLE_DEBUG_INFO = INCLUDE_SOURCE;
				MTL_FAST_MATH = YES;
				ONLY_ACTIVE_ARCH = YES;
				SDKROOT = iphoneos;
				SWIFT_ACTIVE_COMPILATION_CONDITIONS = "DEBUG $(inherited)";
				SWIFT_OPTIMIZATION_LEVEL = "-Onone";
			};
			name = Debug;
		};
		8FB6C7DD2CF6C76D0073FC27 /* Release */ = {
			isa = XCBuildConfiguration;
			buildSettings = {
				ALWAYS_SEARCH_USER_PATHS = NO;
				ASSETCATALOG_COMPILER_GENERATE_SWIFT_ASSET_SYMBOL_EXTENSIONS = YES;
				CLANG_ANALYZER_NONNULL = YES;
				CLANG_ANALYZER_NUMBER_OBJECT_CONVERSION = YES_AGGRESSIVE;
				CLANG_CXX_LANGUAGE_STANDARD = "gnu++20";
				CLANG_ENABLE_MODULES = YES;
				CLANG_ENABLE_OBJC_ARC = YES;
				CLANG_ENABLE_OBJC_WEAK = YES;
				CLANG_WARN_BLOCK_CAPTURE_AUTORELEASING = YES;
				CLANG_WARN_BOOL_CONVERSION = YES;
				CLANG_WARN_COMMA = YES;
				CLANG_WARN_CONSTANT_CONVERSION = YES;
				CLANG_WARN_DEPRECATED_OBJC_IMPLEMENTATIONS = YES;
				CLANG_WARN_DIRECT_OBJC_ISA_USAGE = YES_ERROR;
				CLANG_WARN_DOCUMENTATION_COMMENTS = YES;
				CLANG_WARN_EMPTY_BODY = YES;
				CLANG_WARN_ENUM_CONVERSION = YES;
				CLANG_WARN_INFINITE_RECURSION = YES;
				CLANG_WARN_INT_CONVERSION = YES;
				CLANG_WARN_NON_LITERAL_NULL_CONVERSION = YES;
				CLANG_WARN_OBJC_IMPLICIT_RETAIN_SELF = YES;
				CLANG_WARN_OBJC_LITERAL_CONVERSION = YES;
				CLANG_WARN_OBJC_ROOT_CLASS = YES_ERROR;
				CLANG_WARN_QUOTED_INCLUDE_IN_FRAMEWORK_HEADER = YES;
				CLANG_WARN_RANGE_LOOP_ANALYSIS = YES;
				CLANG_WARN_STRICT_PROTOTYPES = YES;
				CLANG_WARN_SUSPICIOUS_MOVE = YES;
				CLANG_WARN_UNGUARDED_AVAILABILITY = YES_AGGRESSIVE;
				CLANG_WARN_UNREACHABLE_CODE = YES;
				CLANG_WARN__DUPLICATE_METHOD_MATCH = YES;
				COPY_PHASE_STRIP = NO;
				DEBUG_INFORMATION_FORMAT = "dwarf-with-dsym";
				ENABLE_NS_ASSERTIONS = NO;
				ENABLE_STRICT_OBJC_MSGSEND = YES;
				ENABLE_USER_SCRIPT_SANDBOXING = YES;
				GCC_C_LANGUAGE_STANDARD = gnu17;
				GCC_NO_COMMON_BLOCKS = YES;
				GCC_WARN_64_TO_32_BIT_CONVERSION = YES;
				GCC_WARN_ABOUT_RETURN_TYPE = YES_ERROR;
				GCC_WARN_UNDECLARED_SELECTOR = YES;
				GCC_WARN_UNINITIALIZED_AUTOS = YES_AGGRESSIVE;
				GCC_WARN_UNUSED_FUNCTION = YES;
				GCC_WARN_UNUSED_VARIABLE = YES;
				IPHONEOS_DEPLOYMENT_TARGET = 17.5;
				LOCALIZATION_PREFERS_STRING_CATALOGS = YES;
				MTL_ENABLE_DEBUG_INFO = NO;
				MTL_FAST_MATH = YES;
				SDKROOT = iphoneos;
				SWIFT_COMPILATION_MODE = wholemodule;
				VALIDATE_PRODUCT = YES;
			};
			name = Release;
		};
		8FB6C7DF2CF6C76D0073FC27 /* Debug */ = {
			isa = XCBuildConfiguration;
			buildSettings = {
				ASSETCATALOG_COMPILER_APPICON_NAME = AppIcon;
				ASSETCATALOG_COMPILER_GLOBAL_ACCENT_COLOR_NAME = AccentColor;
				CODE_SIGN_STYLE = Automatic;
				CURRENT_PROJECT_VERSION = 1;
				GENERATE_INFOPLIST_FILE = YES;
				INFOPLIST_FILE = cinespoiler_ios/Info.plist;
				INFOPLIST_KEY_UIApplicationSupportsIndirectInputEvents = YES;
				INFOPLIST_KEY_UILaunchStoryboardName = LaunchScreen;
				INFOPLIST_KEY_UIMainStoryboardFile = Main;
				INFOPLIST_KEY_UISupportedInterfaceOrientations_iPad = "UIInterfaceOrientationPortrait UIInterfaceOrientationPortraitUpsideDown UIInterfaceOrientationLandscapeLeft UIInterfaceOrientationLandscapeRight";
				INFOPLIST_KEY_UISupportedInterfaceOrientations_iPhone = "UIInterfaceOrientationPortrait UIInterfaceOrientationLandscapeLeft UIInterfaceOrientationLandscapeRight";
				LD_RUNPATH_SEARCH_PATHS = (
					"$(inherited)",
					"@executable_path/Frameworks",
				);
				MARKETING_VERSION = 1.0;
				PRODUCT_BUNDLE_IDENTIFIER = "cibertec.cinespoiler-ios";
				PRODUCT_NAME = "$(TARGET_NAME)";
				SWIFT_EMIT_LOC_STRINGS = YES;
				SWIFT_VERSION = 5.0;
				TARGETED_DEVICE_FAMILY = "1,2";
			};
			name = Debug;
		};
		8FB6C7E02CF6C76D0073FC27 /* Release */ = {
			isa = XCBuildConfiguration;
			buildSettings = {
				ASSETCATALOG_COMPILER_APPICON_NAME = AppIcon;
				ASSETCATALOG_COMPILER_GLOBAL_ACCENT_COLOR_NAME = AccentColor;
				CODE_SIGN_STYLE = Automatic;
				CURRENT_PROJECT_VERSION = 1;
				GENERATE_INFOPLIST_FILE = YES;
				INFOPLIST_FILE = cinespoiler_ios/Info.plist;
				INFOPLIST_KEY_UIApplicationSupportsIndirectInputEvents = YES;
				INFOPLIST_KEY_UILaunchStoryboardName = LaunchScreen;
				INFOPLIST_KEY_UIMainStoryboardFile = Main;
				INFOPLIST_KEY_UISupportedInterfaceOrientations_iPad = "UIInterfaceOrientationPortrait UIInterfaceOrientationPortraitUpsideDown UIInterfaceOrientationLandscapeLeft UIInterfaceOrientationLandscapeRight";
				INFOPLIST_KEY_UISupportedInterfaceOrientations_iPhone = "UIInterfaceOrientationPortrait UIInterfaceOrientationLandscapeLeft UIInterfaceOrientationLandscapeRight";
				LD_RUNPATH_SEARCH_PATHS = (
					"$(inherited)",
					"@executable_path/Frameworks",
				);
				MARKETING_VERSION = 1.0;
				PRODUCT_BUNDLE_IDENTIFIER = "cibertec.cinespoiler-ios";
				PRODUCT_NAME = "$(TARGET_NAME)";
				SWIFT_EMIT_LOC_STRINGS = YES;
				SWIFT_VERSION = 5.0;
				TARGETED_DEVICE_FAMILY = "1,2";
			};
			name = Release;
		};
/* End XCBuildConfiguration section */

/* Begin XCConfigurationList section */
		8FB6C7C52CF6C7660073FC27 /* Build configuration list for PBXProject "cinespoiler_ios" */ = {
			isa = XCConfigurationList;
			buildConfigurations = (
				8FB6C7DC2CF6C76D0073FC27 /* Debug */,
				8FB6C7DD2CF6C76D0073FC27 /* Release */,
			);
			defaultConfigurationIsVisible = 0;
			defaultConfigurationName = Release;
		};
		8FB6C7DE2CF6C76D0073FC27 /* Build configuration list for PBXNativeTarget "cinespoiler_ios" */ = {
			isa = XCConfigurationList;
			buildConfigurations = (
				8FB6C7DF2CF6C76D0073FC27 /* Debug */,
				8FB6C7E02CF6C76D0073FC27 /* Release */,
			);
			defaultConfigurationIsVisible = 0;
			defaultConfigurationName = Release;
		};
/* End XCConfigurationList section */

/* Begin XCRemoteSwiftPackageReference section */
		E0ACA1A22D0954000078D73A /* XCRemoteSwiftPackageReference "firebase-ios-sdk" */ = {
			isa = XCRemoteSwiftPackageReference;
			repositoryURL = "https://github.com/firebase/firebase-ios-sdk";
			requirement = {
				kind = upToNextMajorVersion;
				minimumVersion = 11.6.0;
			};
		};
/* End XCRemoteSwiftPackageReference section */

/* Begin XCSwiftPackageProductDependency section */
		E0ACA1A32D0954000078D73A /* FirebaseAuth */ = {
			isa = XCSwiftPackageProductDependency;
			package = E0ACA1A22D0954000078D73A /* XCRemoteSwiftPackageReference "firebase-ios-sdk" */;
			productName = FirebaseAuth;
		};
		E0ACA1A52D0954000078D73A /* FirebaseAuthCombine-Community */ = {
			isa = XCSwiftPackageProductDependency;
			package = E0ACA1A22D0954000078D73A /* XCRemoteSwiftPackageReference "firebase-ios-sdk" */;
			productName = "FirebaseAuthCombine-Community";
		};
		E0ACA1A72D0954000078D73A /* FirebaseCore */ = {
			isa = XCSwiftPackageProductDependency;
			package = E0ACA1A22D0954000078D73A /* XCRemoteSwiftPackageReference "firebase-ios-sdk" */;
			productName = FirebaseCore;
		};
		E0ACA1A92D0954000078D73A /* FirebaseDatabase */ = {
			isa = XCSwiftPackageProductDependency;
			package = E0ACA1A22D0954000078D73A /* XCRemoteSwiftPackageReference "firebase-ios-sdk" */;
			productName = FirebaseDatabase;
		};
		E0ACA1AB2D0954000078D73A /* FirebaseFirestore */ = {
			isa = XCSwiftPackageProductDependency;
			package = E0ACA1A22D0954000078D73A /* XCRemoteSwiftPackageReference "firebase-ios-sdk" */;
			productName = FirebaseFirestore;
		};
		E0ACA1AD2D0954000078D73A /* FirebaseFirestoreCombine-Community */ = {
			isa = XCSwiftPackageProductDependency;
			package = E0ACA1A22D0954000078D73A /* XCRemoteSwiftPackageReference "firebase-ios-sdk" */;
			productName = "FirebaseFirestoreCombine-Community";
		};
		E0ACA1AF2D0954000078D73A /* FirebaseFunctions */ = {
			isa = XCSwiftPackageProductDependency;
			package = E0ACA1A22D0954000078D73A /* XCRemoteSwiftPackageReference "firebase-ios-sdk" */;
			productName = FirebaseFunctions;
		};
		E0ACA1B12D0954000078D73A /* FirebaseFunctionsCombine-Community */ = {
			isa = XCSwiftPackageProductDependency;
			package = E0ACA1A22D0954000078D73A /* XCRemoteSwiftPackageReference "firebase-ios-sdk" */;
			productName = "FirebaseFunctionsCombine-Community";
		};
		E0ACA1B32D0954000078D73A /* FirebaseStorage */ = {
			isa = XCSwiftPackageProductDependency;
			package = E0ACA1A22D0954000078D73A /* XCRemoteSwiftPackageReference "firebase-ios-sdk" */;
			productName = FirebaseStorage;
		};
		E0ACA1B52D0954000078D73A /* FirebaseStorageCombine-Community */ = {
			isa = XCSwiftPackageProductDependency;
			package = E0ACA1A22D0954000078D73A /* XCRemoteSwiftPackageReference "firebase-ios-sdk" */;
			productName = "FirebaseStorageCombine-Community";
		};
/* End XCSwiftPackageProductDependency section */
	};
	rootObject = 8FB6C7C22CF6C7650073FC27 /* Project object */;
}
